
Microsoft Visual Studio Solution File, Format Version 12.00
# Visual Studio 15
VisualStudioVersion = 15.0.27130.2027
MinimumVisualStudioVersion = 10.0.40219.1
Project("{9A19103F-16F7-4668-BE54-9A1E7A4F7556}") = "ImageSearch.Web", "ImageSearch\ImageSearch.Web.csproj", "{B4C96D87-620A-4DEB-8C82-134B95B9E002}"
EndProject
Project("{9A19103F-16F7-4668-BE54-9A1E7A4F7556}") = "AipSdk", "..\dotnet-sdk\AipSdk\AipSdk.csproj", "{88FC1715-0ABE-45E4-878E-7AE967FE2175}"
EndProject
Project("{9A19103F-16F7-4668-BE54-9A1E7A4F7556}") = "ImageSearch.Core", "ImageSearch.Core\ImageSearch.Core.csproj", "{34A75028-3C84-4742-87B8-7DB97CDAFACC}"
EndProject
Project("{FAE04EC0-301F-11D3-BF4B-00C04F79EFBC}") = "ImageSearch.Web.Framework", "ImageSearch.Web.Framework\ImageSearch.Web.Framework.csproj", "{3D3BFDEF-6B68-46BA-9D20-4677F078D1F6}"
EndProject
Global
	GlobalSection(SolutionConfigurationPlatforms) = preSolution
		Debug|Any CPU = Debug|Any CPU
		Release|Any CPU = Release|Any CPU
	EndGlobalSection
	GlobalSection(ProjectConfigurationPlatforms) = postSolution
		{B4C96D87-620A-4DEB-8C82-134B95B9E002}.Debug|Any CPU.ActiveCfg = Debug|Any CPU
		{B4C96D87-620A-4DEB-8C82-134B95B9E002}.Debug|Any CPU.Build.0 = Debug|Any CPU
		{B4C96D87-620A-4DEB-8C82-134B95B9E002}.Release|Any CPU.ActiveCfg = Release|Any CPU
		{B4C96D87-620A-4DEB-8C82-134B95B9E002}.Release|Any CPU.Build.0 = Release|Any CPU
		{88FC1715-0ABE-45E4-878E-7AE967FE2175}.Debug|Any CPU.ActiveCfg = Debug|Any CPU
		{88FC1715-0ABE-45E4-878E-7AE967FE2175}.Debug|Any CPU.Build.0 = Debug|Any CPU
		{88FC1715-0ABE-45E4-878E-7AE967FE2175}.Release|Any CPU.ActiveCfg = Release|Any CPU
		{88FC1715-0ABE-45E4-878E-7AE967FE2175}.Release|Any CPU.Build.0 = Release|Any CPU
		{34A75028-3C84-4742-87B8-7DB97CDAFACC}.Debug|Any CPU.ActiveCfg = Debug|Any CPU
		{34A75028-3C84-4742-87B8-7DB97CDAFACC}.Debug|Any CPU.Build.0 = Debug|Any CPU
		{34A75028-3C84-4742-87B8-7DB97CDAFACC}.Release|Any CPU.ActiveCfg = Release|Any CPU
		{34A75028-3C84-4742-87B8-7DB97CDAFACC}.Release|Any CPU.Build.0 = Release|Any CPU
		{3D3BFDEF-6B68-46BA-9D20-4677F078D1F6}.Debug|Any CPU.ActiveCfg = Debug|Any CPU
		{3D3BFDEF-6B68-46BA-9D20-4677F078D1F6}.Debug|Any CPU.Build.0 = Debug|Any CPU
		{3D3BFDEF-6B68-46BA-9D20-4677F078D1F6}.Release|Any CPU.ActiveCfg = Release|Any CPU
		{3D3BFDEF-6B68-46BA-9D20-4677F078D1F6}.Release|Any CPU.Build.0 = Release|Any CPU
	EndGlobalSection
	GlobalSection(SolutionProperties) = preSolution
		HideSolutionNode = FALSE
	EndGlobalSection
	GlobalSection(ExtensibilityGlobals) = postSolution
		SolutionGuid = {5A9C36B8-86A3-4E70-AD33-2907C38DA679}
	EndGlobalSection
EndGlobal
